# This file is automatically @generated by rv.
# It is not intended for manual editing.
version = 2
r_version = "4.6"

[[packages]]
name = "base64enc"
version = "0.1-6"
source = { repository = "https://packagemanager.posit.co/cran/latest" }
force_source = false
dependencies = []

[[packages]]
name = "digest"
version = "0.6.39"
source = { repository = "https://packagemanager.posit.co/cran/latest" }
force_source = false
dependencies = []

[[packages]]
name = "fastmap"
version = "1.2.0"
source = { repository = "https://packagemanager.posit.co/cran/latest" }
force_source = false
dependencies = []

[[packages]]
name = "htmltools"
version = "0.5.9"
source = { repository = "https://packagemanager.posit.co/cran/latest" }
force_source = false
dependencies = [
    "base64enc",
    "digest",
    { name = "fastmap", requirement = "(>= 1.1.0)" },
    { name = "rlang", requirement = "(>= 1.0.0)" },
]

[[packages]]
name = "rlang"
version = "1.3.0"
source = { repository = "https://packagemanager.posit.co/cran/latest" }
force_source = false
dependencies = []
